
Microsoft Visual Studio Solution File, Format Version 12.00
# Visual Studio 2017
Project("{FAE04EC0-301F-11D3-BF4B-00C04F79EFBC}") = "NYIT Bears", "NYIT Bears.csproj", "{7C61EF7F-A01E-54BA-EF7E-EB65650A5FAB}"
EndProject
Global
	GlobalSection(SolutionConfigurationPlatforms) = preSolution
		Debug|Any CPU = Debug|Any CPU
		Release|Any CPU = Release|Any CPU
	EndGlobalSection
	GlobalSection(ProjectConfigurationPlatforms) = postSolution
		{7C61EF7F-A01E-54BA-EF7E-EB65650A5FAB}.Debug|Any CPU.ActiveCfg = Debug|Any CPU
		{7C61EF7F-A01E-54BA-EF7E-EB65650A5FAB}.Debug|Any CPU.Build.0 = Debug|Any CPU
		{7C61EF7F-A01E-54BA-EF7E-EB65650A5FAB}.Release|Any CPU.ActiveCfg = Release|Any CPU
		{7C61EF7F-A01E-54BA-EF7E-EB65650A5FAB}.Release|Any CPU.Build.0 = Release|Any CPU
	EndGlobalSection
	GlobalSection(SolutionProperties) = preSolution
		HideSolutionNode = FALSE
	EndGlobalSection
EndGlobal
